// !$*UTF8*$!
{
	archiveVersion = 1;
	classes = {
	};
	objectVersion = 50;
	objects = {

/* Begin PBXBuildFile section */
		47131A16265EDFAE00FC6772 /* AppDelegate.swift in Sources */ = {isa = PBXBuildFile; fileRef = 47131A15265EDFAE00FC6772 /* AppDelegate.swift */; };
		47131A18265EDFAE00FC6772 /* SceneDelegate.swift in Sources */ = {isa = PBXBuildFile; fileRef = 47131A17265EDFAE00FC6772 /* SceneDelegate.swift */; };
		47131A1A265EDFAE00FC6772 /* ViewController.swift in Sources */ = {isa = PBXBuildFile; fileRef = 47131A19265EDFAE00FC6772 /* ViewController.swift */; };
		47131A1D265EDFAE00FC6772 /* Main.storyboard in Resources */ = {isa = PBXBuildFile; fileRef = 47131A1B265EDFAE00FC6772 /* Main.storyboard */; };
		47131A1F265EDFB100FC6772 /* Assets.xcassets in Resources */ = {isa = PBXBuildFile; fileRef = 47131A1E265EDFB100FC6772 /* Assets.xcassets */; };
		47131A22265EDFB100FC6772 /* LaunchScreen.storyboard in Resources */ = {isa = PBXBuildFile; fileRef = 47131A20265EDFB100FC6772 /* LaunchScreen.storyboard */; };
		4792F5E026654D4D008D590B /* VCB.swift in Sources */ = {isa = PBXBuildFile; fileRef = 4792F5DF26654D4D008D590B /* VCB.swift */; };
		47A475992668C57400551E3E /* AnimateConstraintVC.swift in Sources */ = {isa = PBXBuildFile; fileRef = 47A475982668C57400551E3E /* AnimateConstraintVC.swift */; };
/* End PBXBuildFile section */

/* Begin PBXFileReference section */
		47131A12265EDFAE00FC6772 /* Animation.app */ = {isa = PBXFileReference; explicitFileType = wrapper.application; includeInIndex = 0; path = Animation.app; sourceTree = BUILT_PRODUCTS_DIR; };
		47131A15265EDFAE00FC6772 /* AppDelegate.swift */ = {isa = PBXFileReference; lastKnownFileType = sourcecode.swift; path = AppDelegate.swift; sourceTree = "<group>"; };
		47131A17265EDFAE00FC6772 /* SceneDelegate.swift */ = {isa = PBXFileReference; lastKnownFileType = sourcecode.swift; path = SceneDelegate.swift; sourceTree = "<group>"; };
		47131A19265EDFAE00FC6772 /* ViewController.swift */ = {isa = PBXFileReference; lastKnownFileType = sourcecode.swift; path = ViewController.swift; sourceTree = "<group>"; };
		47131A1C265EDFAE00FC6772 /* Base */ = {isa = PBXFileReference; lastKnownFileType = file.storyboard; name = Base; path = Base.lproj/Main.storyboard; sourceTree = "<group>"; };
		47131A1E265EDFB100FC6772 /* Assets.xcassets */ = {isa = PBXFileReference; lastKnownFileType = folder.assetcatalog; path = Assets.xcassets; sourceTree = "<group>"; };
		47131A21265EDFB100FC6772 /* Base */ = {isa = PBXFileReference; lastKnownFileType = file.storyboard; name = Base; path = Base.lproj/LaunchScreen.storyboard; sourceTree = "<group>"; };
		47131A23265EDFB100FC6772 /* Info.plist */ = {isa = PBXFileReference; lastKnownFileType = text.plist.xml; path = Info.plist; sourceTree = "<group>"; };
		4792F5DF26654D4D008D590B /* VCB.swift */ = {isa = PBXFileReference; lastKnownFileType = sourcecode.swift; path = VCB.swift; sourceTree = "<group>"; };
		47A475982668C57400551E3E /* AnimateConstraintVC.swift */ = {isa = PBXFileReference; lastKnownFileType = sourcecode.swift; path = AnimateConstraintVC.swift; sourceTree = "<group>"; };
/* End PBXFileReference section */

/* Begin PBXFrameworksBuildPhase section */
		47131A0F265EDFAE00FC6772 /* Frameworks */ = {
			isa = PBXFrameworksBuildPhase;
			buildActionMask = 2147483647;
			files = (
			);
			runOnlyForDeploymentPostprocessing = 0;
		};
/* End PBXFrameworksBuildPhase section */

/* Begin PBXGroup section */
		47131A09265EDFAE00FC6772 = {
			isa = PBXGroup;
			children = (
				47131A14265EDFAE00FC6772 /* Animation */,
				47131A13265EDFAE00FC6772 /* Products */,
			);
			sourceTree = "<group>";
		};
		47131A13265EDFAE00FC6772 /* Products */ = {
			isa = PBXGroup;
			children = (
				47131A12265EDFAE00FC6772 /* Animation.app */,
			);
			name = Products;
			sourceTree = "<group>";
		};
		47131A14265EDFAE00FC6772 /* Animation */ = {
			isa = PBXGroup;
			children = (
				47131A15265EDFAE00FC6772 /* AppDelegate.swift */,
				47131A17265EDFAE00FC6772 /* SceneDelegate.swift */,
				47131A19265EDFAE00FC6772 /* ViewController.swift */,
				47131A1B265EDFAE00FC6772 /* Main.storyboard */,
				47131A1E265EDFB100FC6772 /* Assets.xcassets */,
				47131A20265EDFB100FC6772 /* LaunchScreen.storyboard */,
				47131A23265EDFB100FC6772 /* Info.plist */,
				4792F5DF26654D4D008D590B /* VCB.swift */,
				47A475982668C57400551E3E /* AnimateConstraintVC.swift */,
			);
			path = Animation;
			sourceTree = "<group>";
		};
/* End PBXGroup section */

/* Begin PBXNativeTarget section */
		47131A11265EDFAE00FC6772 /* Animation */ = {
			isa = PBXNativeTarget;
			buildConfigurationList = 47131A26265EDFB100FC6772 /* Build configuration list for PBXNativeTarget "Animation" */;
			buildPhases = (
				47131A0E265EDFAE00FC6772 /* Sources */,
				47131A0F265EDFAE00FC6772 /* Frameworks */,
				47131A10265EDFAE00FC6772 /* Resources */,
			);
			buildRules = (
			);
			dependencies = (
			);
			name = Animation;
			productName = Animation;
			productReference = 47131A12265EDFAE00FC6772 /* Animation.app */;
			productType = "com.apple.product-type.application";
		};
/* End PBXNativeTarget section */

/* Begin PBXProject section */
		47131A0A265EDFAE00FC6772 /* Project object */ = {
			isa = PBXProject;
			attributes = {
				LastSwiftUpdateCheck = 1250;
				LastUpgradeCheck = 1250;
				TargetAttributes = {
					47131A11265EDFAE00FC6772 = {
						CreatedOnToolsVersion = 12.5;
					};
				};
			};
			buildConfigurationList = 47131A0D265EDFAE00FC6772 /* Build configuration list for PBXProject "Animation" */;
			compatibilityVersion = "Xcode 9.3";
			developmentRegion = en;
			hasScannedForEncodings = 0;
			knownRegions = (
				en,
				Base,
			);
			mainGroup = 47131A09265EDFAE00FC6772;
			productRefGroup = 47131A13265EDFAE00FC6772 /* Products */;
			projectDirPath = "";
			projectRoot = "";
			targets = (
				47131A11265EDFAE00FC6772 /* Animation */,
			);
		};
/* End PBXProject section */

/* Begin PBXResourcesBuildPhase section */
		47131A10265EDFAE00FC6772 /* Resources */ = {
			isa = PBXResourcesBuildPhase;
			buildActionMask = 2147483647;
			files = (
				47131A22265EDFB100FC6772 /* LaunchScreen.storyboard in Resources */,
				47131A1F265EDFB100FC6772 /* Assets.xcassets in Resources */,
				47131A1D265EDFAE00FC6772 /* Main.storyboard in Resources */,
			);
			runOnlyForDeploymentPostprocessing = 0;
		};
/* End PBXResourcesBuildPhase section */

/* Begin PBXSourcesBuildPhase section */
		47131A0E265EDFAE00FC6772 /* Sources */ = {
			isa = PBXSourcesBuildPhase;
			buildActionMask = 2147483647;
			files = (
				47131A1A265EDFAE00FC6772 /* ViewController.swift in Sources */,
				47131A16265EDFAE00FC6772 /* AppDelegate.swift in Sources */,
				47A475992668C57400551E3E /* AnimateConstraintVC.swift in Sources */,
				47131A18265EDFAE00FC6772 /* SceneDelegate.swift in Sources */,
				4792F5E026654D4D008D590B /* VCB.swift in Sources */,
			);
			runOnlyForDeploymentPostprocessing = 0;
		};
/* End PBXSourcesBuildPhase section */

/* Begin PBXVariantGroup section */
		47131A1B265EDFAE00FC6772 /* Main.storyboard */ = {
			isa = PBXVariantGroup;
			children = (
				47131A1C265EDFAE00FC6772 /* Base */,
			);
			name = Main.storyboard;
			sourceTree = "<group>";
		};
		47131A20265EDFB100FC6772 /* LaunchScreen.storyboard */ = {
			isa = PBXVariantGroup;
			children = (
				47131A21265EDFB100FC6772 /* Base */,
			);
			name = LaunchScreen.storyboard;
			sourceTree = "<group>";
		};
/* End PBXVariantGroup section */

/* Begin XCBuildConfiguration section */
		47131A24265EDFB100FC6772 /* Debug */ = {
			isa = XCBuildConfiguration;
			buildSettings = {
				ALWAYS_SEARCH_USER_PATHS = NO;
				CLANG_ANALYZER_NONNULL = YES;
				CLANG_ANALYZER_NUMBER_OBJECT_CONVERSION = YES_AGGRESSIVE;
				CLANG_CXX_LANGUAGE_STANDARD = "gnu++14";
				CLANG_CXX_LIBRARY = "libc++";
				CLANG_ENABLE_MODULES = YES;
				CLANG_ENABLE_OBJC_ARC = YES;
				CLANG_ENABLE_OBJC_WEAK = YES;
				CLANG_WARN_BLOCK_CAPTURE_AUTORELEASING = YES;
				CLANG_WARN_BOOL_CONVERSION = YES;
				CLANG_WARN_COMMA = YES;
				CLANG_WARN_CONSTANT_CONVERSION = YES;
				CLANG_WARN_DEPRECATED_OBJC_IMPLEMENTATIONS = YES;
				CLANG_WARN_DIRECT_OBJC_ISA_USAGE = YES_ERROR;
				CLANG_WARN_DOCUMENTATION_COMMENTS = YES;
				CLANG_WARN_EMPTY_BODY = YES;
				CLANG_WARN_ENUM_CONVERSION = YES;
				CLANG_WARN_INFINITE_RECURSION = YES;
				CLANG_WARN_INT_CONVERSION = YES;
				CLANG_WARN_NON_LITERAL_NULL_CONVERSION = YES;
				CLANG_WARN_OBJC_IMPLICIT_RETAIN_SELF = YES;
				CLANG_WARN_OBJC_LITERAL_CONVERSION = YES;
				CLANG_WARN_OBJC_ROOT_CLASS = YES_ERROR;
				CLANG_WARN_QUOTED_INCLUDE_IN_FRAMEWORK_HEADER = YES;
				CLANG_WARN_RANGE_LOOP_ANALYSIS = YES;
				CLANG_WARN_STRICT_PROTOTYPES = YES;
				CLANG_WARN_SUSPICIOUS_MOVE = YES;
				CLANG_WARN_UNGUARDED_AVAILABILITY = YES_AGGRESSIVE;
				CLANG_WARN_UNREACHABLE_CODE = YES;
				CLANG_WARN__DUPLICATE_METHOD_MATCH = YES;
				COPY_PHASE_STRIP = NO;
				DEBUG_INFORMATION_FORMAT = dwarf;
				ENABLE_STRICT_OBJC_MSGSEND = YES;
				ENABLE_TESTABILITY = YES;
				GCC_C_LANGUAGE_STANDARD = gnu11;
				GCC_DYNAMIC_NO_PIC = NO;
				GCC_NO_COMMON_BLOCKS = YES;
				GCC_OPTIMIZATION_LEVEL = 0;
				GCC_PREPROCESSOR_DEFINITIONS = (
					"DEBUG=1",
					"$(inherited)",
				);
				GCC_WARN_64_TO_32_BIT_CONVERSION = YES;
				GCC_WARN_ABOUT_RETURN_TYPE = YES_ERROR;
				GCC_WARN_UNDECLARED_SELECTOR = YES;
				GCC_WARN_UNINITIALIZED_AUTOS = YES_AGGRESSIVE;
				GCC_WARN_UNUSED_FUNCTION = YES;
				GCC_WARN_UNUSED_VARIABLE = YES;
				IPHONEOS_DEPLOYMENT_TARGET = 14.5;
				MTL_ENABLE_DEBUG_INFO = INCLUDE_SOURCE;
				MTL_FAST_MATH = YES;
				ONLY_ACTIVE_ARCH = YES;
				SDKROOT = iphoneos;
				SWIFT_ACTIVE_COMPILATION_CONDITIONS = DEBUG;
				SWIFT_OPTIMIZATION_LEVEL = "-Onone";
			};
			name = Debug;
		};
		47131A25265EDFB100FC6772 /* Release */ = {
			isa = XCBuildConfiguration;
			buildSettings = {
				ALWAYS_SEARCH_USER_PATHS = NO;
				CLANG_ANALYZER_NONNULL = YES;
				CLANG_ANALYZER_NUMBER_OBJECT_CONVERSION = YES_AGGRESSIVE;
				CLANG_CXX_LANGUAGE_STANDARD = "gnu++14";
				CLANG_CXX_LIBRARY = "libc++";
				CLANG_ENABLE_MODULES = YES;
				CLANG_ENABLE_OBJC_ARC = YES;
				CLANG_ENABLE_OBJC_WEAK = YES;
				CLANG_WARN_BLOCK_CAPTURE_AUTORELEASING = YES;
				CLANG_WARN_BOOL_CONVERSION = YES;
				CLANG_WARN_COMMA = YES;
				CLANG_WARN_CONSTANT_CONVERSION = YES;
				CLANG_WARN_DEPRECATED_OBJC_IMPLEMENTATIONS = YES;
				CLANG_WARN_DIRECT_OBJC_ISA_USAGE = YES_ERROR;
				CLANG_WARN_DOCUMENTATION_COMMENTS = YES;
				CLANG_WARN_EMPTY_BODY = YES;
				CLANG_WARN_ENUM_CONVERSION = YES;
				CLANG_WARN_INFINITE_RECURSION = YES;
				CLANG_WARN_INT_CONVERSION = YES;
				CLANG_WARN_NON_LITERAL_NULL_CONVERSION = YES;
				CLANG_WARN_OBJC_IMPLICIT_RETAIN_SELF = YES;
				CLANG_WARN_OBJC_LITERAL_CONVERSION = YES;
				CLANG_WARN_OBJC_ROOT_CLASS = YES_ERROR;
				CLANG_WARN_QUOTED_INCLUDE_IN_FRAMEWORK_HEADER = YES;
				CLANG_WARN_RANGE_LOOP_ANALYSIS = YES;
				CLANG_WARN_STRICT_PROTOTYPES = YES;
				CLANG_WARN_SUSPICIOUS_MOVE = YES;
				CLANG_WARN_UNGUARDED_AVAILABILITY = YES_AGGRESSIVE;
				CLANG_WARN_UNREACHABLE_CODE = YES;
				CLANG_WARN__DUPLICATE_METHOD_MATCH = YES;
				COPY_PHASE_STRIP = NO;
				DEBUG_INFORMATION_FORMAT = "dwarf-with-dsym";
				ENABLE_NS_ASSERTIONS = NO;
				ENABLE_STRICT_OBJC_MSGSEND = YES;
				GCC_C_LANGUAGE_STANDARD = gnu11;
				GCC_NO_COMMON_BLOCKS = YES;
				GCC_WARN_64_TO_32_BIT_CONVERSION = YES;
				GCC_WARN_ABOUT_RETURN_TYPE = YES_ERROR;
				GCC_WARN_UNDECLARED_SELECTOR = YES;
				GCC_WARN_UNINITIALIZED_AUTOS = YES_AGGRESSIVE;
				GCC_WARN_UNUSED_FUNCTION = YES;
				GCC_WARN_UNUSED_VARIABLE = YES;
				IPHONEOS_DEPLOYMENT_TARGET = 14.5;
				MTL_ENABLE_DEBUG_INFO = NO;
				MTL_FAST_MATH = YES;
				SDKROOT = iphoneos;
				SWIFT_COMPILATION_MODE = wholemodule;
				SWIFT_OPTIMIZATION_LEVEL = "-O";
				VALIDATE_PRODUCT = YES;
			};
			name = Release;
		};
		47131A27265EDFB100FC6772 /* Debug */ = {
			isa = XCBuildConfiguration;
			buildSettings = {
				ASSETCATALOG_COMPILER_APPICON_NAME = AppIcon;
				ASSETCATALOG_COMPILER_GLOBAL_ACCENT_COLOR_NAME = AccentColor;
				CODE_SIGN_STYLE = Automatic;
				INFOPLIST_FILE = Animation/Info.plist;
				LD_RUNPATH_SEARCH_PATHS = (
					"$(inherited)",
					"@executable_path/Frameworks",
				);
				PRODUCT_BUNDLE_IDENTIFIER = squirrel.Animation;
				PRODUCT_NAME = "$(TARGET_NAME)";
				SWIFT_VERSION = 5.0;
				TARGETED_DEVICE_FAMILY = "1,2";
			};
			name = Debug;
		};
		47131A28265EDFB100FC6772 /* Release */ = {
			isa = XCBuildConfiguration;
			buildSettings = {
				ASSETCATALOG_COMPILER_APPICON_NAME = AppIcon;
				ASSETCATALOG_COMPILER_GLOBAL_ACCENT_COLOR_NAME = AccentColor;
				CODE_SIGN_STYLE = Automatic;
				INFOPLIST_FILE = Animation/Info.plist;
				LD_RUNPATH_SEARCH_PATHS = (
					"$(inherited)",
					"@executable_path/Frameworks",
				);
				PRODUCT_BUNDLE_IDENTIFIER = squirrel.Animation;
				PRODUCT_NAME = "$(TARGET_NAME)";
				SWIFT_VERSION = 5.0;
				TARGETED_DEVICE_FAMILY = "1,2";
			};
			name = Release;
		};
/* End XCBuildConfiguration section */

/* Begin XCConfigurationList section */
		47131A0D265EDFAE00FC6772 /* Build configuration list for PBXProject "Animation" */ = {
			isa = XCConfigurationList;
			buildConfigurations = (
				47131A24265EDFB100FC6772 /* Debug */,
				47131A25265EDFB100FC6772 /* Release */,
			);
			defaultConfigurationIsVisible = 0;
			defaultConfigurationName = Release;
		};
		47131A26265EDFB100FC6772 /* Build configuration list for PBXNativeTarget "Animation" */ = {
			isa = XCConfigurationList;
			buildConfigurations = (
				47131A27265EDFB100FC6772 /* Debug */,
				47131A28265EDFB100FC6772 /* Release */,
			);
			defaultConfigurationIsVisible = 0;
			defaultConfigurationName = Release;
		};
/* End XCConfigurationList section */
	};
	rootObject = 47131A0A265EDFAE00FC6772 /* Project object */;
}
